
Microsoft Visual Studio Solution File, Format Version 12.00
# Visual Studio 15
VisualStudioVersion = 15.0.28307.757
MinimumVisualStudioVersion = 10.0.40219.1
Project("{FAE04EC0-301F-11D3-BF4B-00C04F79EFBC}") = "Gastos", "Gastos\Gastos.csproj", "{9478C924-EFE5-4486-91D5-5F5EF5972BD8}"
EndProject
Global
	GlobalSection(SolutionConfigurationPlatforms) = preSolution
		Debug|Any CPU = Debug|Any CPU
		Release|Any CPU = Release|Any CPU
	EndGlobalSection
	GlobalSection(ProjectConfigurationPlatforms) = postSolution
		{9478C924-EFE5-4486-91D5-5F5EF5972BD8}.Debug|Any CPU.ActiveCfg = Debug|Any CPU
		{9478C924-EFE5-4486-91D5-5F5EF5972BD8}.Debug|Any CPU.Build.0 = Debug|Any CPU
		{9478C924-EFE5-4486-91D5-5F5EF5972BD8}.Release|Any CPU.ActiveCfg = Release|Any CPU
		{9478C924-EFE5-4486-91D5-5F5EF5972BD8}.Release|Any CPU.Build.0 = Release|Any CPU
	EndGlobalSection
	GlobalSection(SolutionProperties) = preSolution
		HideSolutionNode = FALSE
	EndGlobalSection
	GlobalSection(ExtensibilityGlobals) = postSolution
		SolutionGuid = {098D4C58-A4F0-4BA4-8D47-F60C3885913F}
	EndGlobalSection
EndGlobal
